
Microsoft Visual Studio Solution File, Format Version 12.00
# Visual Studio 15
VisualStudioVersion = 15.0.28010.2016
MinimumVisualStudioVersion = 10.0.40219.1
Project("{FAE04EC0-301F-11D3-BF4B-00C04F79EFBC}") = "BaseLibrary", "BaseLibrary.csproj", "{0387FE69-7E77-4DC7-9867-EC3994E946D2}"
EndProject
Project("{2150E333-8FDC-42A3-9474-1A3956D46DE8}") = "Libraries", "Libraries", "{C0DE9FA4-DE19-4046-A4C6-3A5E94D80DDC}"
EndProject
Global
	GlobalSection(SolutionConfigurationPlatforms) = preSolution
		Debug|Any CPU = Debug|Any CPU
		Release|Any CPU = Release|Any CPU
	EndGlobalSection
	GlobalSection(ProjectConfigurationPlatforms) = postSolution
		{0387FE69-7E77-4DC7-9867-EC3994E946D2}.Debug|Any CPU.ActiveCfg = Debug|Any CPU
		{0387FE69-7E77-4DC7-9867-EC3994E946D2}.Debug|Any CPU.Build.0 = Debug|Any CPU
		{0387FE69-7E77-4DC7-9867-EC3994E946D2}.Release|Any CPU.ActiveCfg = Release|Any CPU
		{0387FE69-7E77-4DC7-9867-EC3994E946D2}.Release|Any CPU.Build.0 = Release|Any CPU
	EndGlobalSection
	GlobalSection(SolutionProperties) = preSolution
		HideSolutionNode = FALSE
	EndGlobalSection
	GlobalSection(NestedProjects) = preSolution
		{0387FE69-7E77-4DC7-9867-EC3994E946D2} = {C0DE9FA4-DE19-4046-A4C6-3A5E94D80DDC}
	EndGlobalSection
	GlobalSection(ExtensibilityGlobals) = postSolution
		SolutionGuid = {35163557-50AD-46BF-8E28-68A6A1D74251}
	EndGlobalSection
EndGlobal
