
Microsoft Visual Studio Solution File, Format Version 12.00
# Visual Studio Version 16
VisualStudioVersion = 16.0.28729.10
MinimumVisualStudioVersion = 10.0.40219.1
Project("{2150E333-8FDC-42A3-9474-1A3956D46DE8}") = "Libraries", "Libraries", "{C0DE9FA4-DE19-4046-A4C6-3A5E94D80DDC}"
EndProject
Project("{2150E333-8FDC-42A3-9474-1A3956D46DE8}") = "Potentia", "Potentia", "{DEB5B1E5-4E9A-4A30-8EB7-03DBF9255BA1}"
EndProject
Project("{9A19103F-16F7-4668-BE54-9A1E7A4F7556}") = "ContainerLibrary", "..\ContainerLibrary\ContainerLibrary.csproj", "{9FE1AF9C-346A-4106-8E05-CD9E271E2BEE}"
EndProject
Project("{9A19103F-16F7-4668-BE54-9A1E7A4F7556}") = "PortableStorage", "..\..\PortableStorage\PortableStorage.csproj", "{3D5B053C-9E05-42D9-B696-D8F2301F35C1}"
EndProject
Project("{9A19103F-16F7-4668-BE54-9A1E7A4F7556}") = "FluidLibrary", "..\FluidLibrary\FluidLibrary.csproj", "{240C41CC-7825-4323-A76C-4EFC23AD6600}"
EndProject
Project("{9A19103F-16F7-4668-BE54-9A1E7A4F7556}") = "TapeMeasure", "..\..\TapeMeasure\TapeMeasure.csproj", "{04830582-54B6-4DD1-944A-99512841EE55}"
EndProject
Project("{9A19103F-16F7-4668-BE54-9A1E7A4F7556}") = "Teleportation", "..\..\Teleportation\Teleportation.csproj", "{391BEAB8-689D-449B-B356-D91DD73ACB2B}"
EndProject
Project("{9A19103F-16F7-4668-BE54-9A1E7A4F7556}") = "BaseDefense", "..\..\BaseDefense\BaseDefense.csproj", "{2DD2A7DD-8A9A-44F4-B2F7-0CD78E6A87CF}"
EndProject
Project("{9A19103F-16F7-4668-BE54-9A1E7A4F7556}") = "TerraFirma", "..\..\TerraFirma\TerraFirma.csproj", "{0D00D2A2-A457-4D47-960D-09DD943CB0C8}"
EndProject
Project("{9A19103F-16F7-4668-BE54-9A1E7A4F7556}") = "QuantumStorage", "..\..\QuantumStorage\QuantumStorage.csproj", "{E895F2A7-2CBF-43EA-968B-CCDF0EBF57A9}"
EndProject
Project("{9A19103F-16F7-4668-BE54-9A1E7A4F7556}") = "LayerLibrary", "..\LayerLibrary\LayerLibrary.csproj", "{EFF70D62-DA48-4AD5-A299-4ACB526A1DE3}"
EndProject
Project("{9A19103F-16F7-4668-BE54-9A1E7A4F7556}") = "DimensionalStorage", "..\..\DimensionalStorage\DimensionalStorage.csproj", "{DD916FB7-5F29-47EA-97D1-CECA8819E31D}"
EndProject
Project("{9A19103F-16F7-4668-BE54-9A1E7A4F7556}") = "BaseLibrary", "BaseLibrary.csproj", "{078DA85E-BB04-4368-8E78-6CBD14ECCA5F}"
EndProject
Project("{2150E333-8FDC-42A3-9474-1A3956D46DE8}") = "Storage Mods", "Storage Mods", "{BE7D7498-4599-47B8-BFDB-2DDB1A9D8BE1}"
EndProject
Global
	GlobalSection(SolutionConfigurationPlatforms) = preSolution
		Debug|Any CPU = Debug|Any CPU
		Debug|x64 = Debug|x64
		Debug|x86 = Debug|x86
		Release|Any CPU = Release|Any CPU
		Release|x64 = Release|x64
		Release|x86 = Release|x86
	EndGlobalSection
	GlobalSection(ProjectConfigurationPlatforms) = postSolution
		{9FE1AF9C-346A-4106-8E05-CD9E271E2BEE}.Debug|Any CPU.ActiveCfg = Debug|Any CPU
		{9FE1AF9C-346A-4106-8E05-CD9E271E2BEE}.Debug|Any CPU.Build.0 = Debug|Any CPU
		{9FE1AF9C-346A-4106-8E05-CD9E271E2BEE}.Debug|x64.ActiveCfg = Debug|Any CPU
		{9FE1AF9C-346A-4106-8E05-CD9E271E2BEE}.Debug|x64.Build.0 = Debug|Any CPU
		{9FE1AF9C-346A-4106-8E05-CD9E271E2BEE}.Debug|x86.ActiveCfg = Debug|Any CPU
		{9FE1AF9C-346A-4106-8E05-CD9E271E2BEE}.Debug|x86.Build.0 = Debug|Any CPU
		{9FE1AF9C-346A-4106-8E05-CD9E271E2BEE}.Release|Any CPU.ActiveCfg = Debug|Any CPU
		{9FE1AF9C-346A-4106-8E05-CD9E271E2BEE}.Release|Any CPU.Build.0 = Debug|Any CPU
		{9FE1AF9C-346A-4106-8E05-CD9E271E2BEE}.Release|x64.ActiveCfg = Debug|Any CPU
		{9FE1AF9C-346A-4106-8E05-CD9E271E2BEE}.Release|x64.Build.0 = Debug|Any CPU
		{9FE1AF9C-346A-4106-8E05-CD9E271E2BEE}.Release|x86.ActiveCfg = Release|Any CPU
		{9FE1AF9C-346A-4106-8E05-CD9E271E2BEE}.Release|x86.Build.0 = Release|Any CPU
		{3D5B053C-9E05-42D9-B696-D8F2301F35C1}.Debug|Any CPU.ActiveCfg = Debug|Any CPU
		{3D5B053C-9E05-42D9-B696-D8F2301F35C1}.Debug|Any CPU.Build.0 = Debug|Any CPU
		{3D5B053C-9E05-42D9-B696-D8F2301F35C1}.Debug|x64.ActiveCfg = Debug|Any CPU
		{3D5B053C-9E05-42D9-B696-D8F2301F35C1}.Debug|x64.Build.0 = Debug|Any CPU
		{3D5B053C-9E05-42D9-B696-D8F2301F35C1}.Debug|x86.ActiveCfg = Debug|Any CPU
		{3D5B053C-9E05-42D9-B696-D8F2301F35C1}.Debug|x86.Build.0 = Debug|Any CPU
		{3D5B053C-9E05-42D9-B696-D8F2301F35C1}.Release|Any CPU.ActiveCfg = Debug|Any CPU
		{3D5B053C-9E05-42D9-B696-D8F2301F35C1}.Release|Any CPU.Build.0 = Debug|Any CPU
		{3D5B053C-9E05-42D9-B696-D8F2301F35C1}.Release|x64.ActiveCfg = Release|Any CPU
		{3D5B053C-9E05-42D9-B696-D8F2301F35C1}.Release|x64.Build.0 = Release|Any CPU
		{3D5B053C-9E05-42D9-B696-D8F2301F35C1}.Release|x86.ActiveCfg = Release|Any CPU
		{3D5B053C-9E05-42D9-B696-D8F2301F35C1}.Release|x86.Build.0 = Release|Any CPU
		{240C41CC-7825-4323-A76C-4EFC23AD6600}.Debug|Any CPU.ActiveCfg = Debug|Any CPU
		{240C41CC-7825-4323-A76C-4EFC23AD6600}.Debug|Any CPU.Build.0 = Debug|Any CPU
		{240C41CC-7825-4323-A76C-4EFC23AD6600}.Debug|x64.ActiveCfg = Debug|Any CPU
		{240C41CC-7825-4323-A76C-4EFC23AD6600}.Debug|x64.Build.0 = Debug|Any CPU
		{240C41CC-7825-4323-A76C-4EFC23AD6600}.Debug|x86.ActiveCfg = Debug|Any CPU
		{240C41CC-7825-4323-A76C-4EFC23AD6600}.Debug|x86.Build.0 = Debug|Any CPU
		{240C41CC-7825-4323-A76C-4EFC23AD6600}.Release|Any CPU.ActiveCfg = Debug|Any CPU
		{240C41CC-7825-4323-A76C-4EFC23AD6600}.Release|Any CPU.Build.0 = Debug|Any CPU
		{240C41CC-7825-4323-A76C-4EFC23AD6600}.Release|x64.ActiveCfg = Debug|Any CPU
		{240C41CC-7825-4323-A76C-4EFC23AD6600}.Release|x64.Build.0 = Debug|Any CPU
		{240C41CC-7825-4323-A76C-4EFC23AD6600}.Release|x86.ActiveCfg = Release|Any CPU
		{240C41CC-7825-4323-A76C-4EFC23AD6600}.Release|x86.Build.0 = Release|Any CPU
		{04830582-54B6-4DD1-944A-99512841EE55}.Debug|Any CPU.ActiveCfg = Debug|Any CPU
		{04830582-54B6-4DD1-944A-99512841EE55}.Debug|Any CPU.Build.0 = Debug|Any CPU
		{04830582-54B6-4DD1-944A-99512841EE55}.Debug|x64.ActiveCfg = Debug|Any CPU
		{04830582-54B6-4DD1-944A-99512841EE55}.Debug|x64.Build.0 = Debug|Any CPU
		{04830582-54B6-4DD1-944A-99512841EE55}.Debug|x86.ActiveCfg = Debug|Any CPU
		{04830582-54B6-4DD1-944A-99512841EE55}.Debug|x86.Build.0 = Debug|Any CPU
		{04830582-54B6-4DD1-944A-99512841EE55}.Release|Any CPU.ActiveCfg = Debug|Any CPU
		{04830582-54B6-4DD1-944A-99512841EE55}.Release|Any CPU.Build.0 = Debug|Any CPU
		{04830582-54B6-4DD1-944A-99512841EE55}.Release|x64.ActiveCfg = Release|Any CPU
		{04830582-54B6-4DD1-944A-99512841EE55}.Release|x64.Build.0 = Release|Any CPU
		{04830582-54B6-4DD1-944A-99512841EE55}.Release|x86.ActiveCfg = Release|Any CPU
		{04830582-54B6-4DD1-944A-99512841EE55}.Release|x86.Build.0 = Release|Any CPU
		{391BEAB8-689D-449B-B356-D91DD73ACB2B}.Debug|Any CPU.ActiveCfg = Debug|Any CPU
		{391BEAB8-689D-449B-B356-D91DD73ACB2B}.Debug|Any CPU.Build.0 = Debug|Any CPU
		{391BEAB8-689D-449B-B356-D91DD73ACB2B}.Debug|x64.ActiveCfg = Debug|Any CPU
		{391BEAB8-689D-449B-B356-D91DD73ACB2B}.Debug|x64.Build.0 = Debug|Any CPU
		{391BEAB8-689D-449B-B356-D91DD73ACB2B}.Debug|x86.ActiveCfg = Debug|Any CPU
		{391BEAB8-689D-449B-B356-D91DD73ACB2B}.Debug|x86.Build.0 = Debug|Any CPU
		{391BEAB8-689D-449B-B356-D91DD73ACB2B}.Release|Any CPU.ActiveCfg = Debug|Any CPU
		{391BEAB8-689D-449B-B356-D91DD73ACB2B}.Release|Any CPU.Build.0 = Debug|Any CPU
		{391BEAB8-689D-449B-B356-D91DD73ACB2B}.Release|x64.ActiveCfg = Release|Any CPU
		{391BEAB8-689D-449B-B356-D91DD73ACB2B}.Release|x64.Build.0 = Release|Any CPU
		{391BEAB8-689D-449B-B356-D91DD73ACB2B}.Release|x86.ActiveCfg = Release|Any CPU
		{391BEAB8-689D-449B-B356-D91DD73ACB2B}.Release|x86.Build.0 = Release|Any CPU
		{2DD2A7DD-8A9A-44F4-B2F7-0CD78E6A87CF}.Debug|Any CPU.ActiveCfg = Debug|Any CPU
		{2DD2A7DD-8A9A-44F4-B2F7-0CD78E6A87CF}.Debug|Any CPU.Build.0 = Debug|Any CPU
		{2DD2A7DD-8A9A-44F4-B2F7-0CD78E6A87CF}.Debug|x64.ActiveCfg = Debug|Any CPU
		{2DD2A7DD-8A9A-44F4-B2F7-0CD78E6A87CF}.Debug|x64.Build.0 = Debug|Any CPU
		{2DD2A7DD-8A9A-44F4-B2F7-0CD78E6A87CF}.Debug|x86.ActiveCfg = Debug|Any CPU
		{2DD2A7DD-8A9A-44F4-B2F7-0CD78E6A87CF}.Debug|x86.Build.0 = Debug|Any CPU
		{2DD2A7DD-8A9A-44F4-B2F7-0CD78E6A87CF}.Release|Any CPU.ActiveCfg = Debug|Any CPU
		{2DD2A7DD-8A9A-44F4-B2F7-0CD78E6A87CF}.Release|Any CPU.Build.0 = Debug|Any CPU
		{2DD2A7DD-8A9A-44F4-B2F7-0CD78E6A87CF}.Release|x64.ActiveCfg = Debug|Any CPU
		{2DD2A7DD-8A9A-44F4-B2F7-0CD78E6A87CF}.Release|x64.Build.0 = Debug|Any CPU
		{2DD2A7DD-8A9A-44F4-B2F7-0CD78E6A87CF}.Release|x86.ActiveCfg = Debug|Any CPU
		{2DD2A7DD-8A9A-44F4-B2F7-0CD78E6A87CF}.Release|x86.Build.0 = Debug|Any CPU
		{0D00D2A2-A457-4D47-960D-09DD943CB0C8}.Debug|Any CPU.ActiveCfg = Debug|Any CPU
		{0D00D2A2-A457-4D47-960D-09DD943CB0C8}.Debug|Any CPU.Build.0 = Debug|Any CPU
		{0D00D2A2-A457-4D47-960D-09DD943CB0C8}.Debug|x64.ActiveCfg = Debug|Any CPU
		{0D00D2A2-A457-4D47-960D-09DD943CB0C8}.Debug|x64.Build.0 = Debug|Any CPU
		{0D00D2A2-A457-4D47-960D-09DD943CB0C8}.Debug|x86.ActiveCfg = Debug|Any CPU
		{0D00D2A2-A457-4D47-960D-09DD943CB0C8}.Debug|x86.Build.0 = Debug|Any CPU
		{0D00D2A2-A457-4D47-960D-09DD943CB0C8}.Release|Any CPU.ActiveCfg = Debug|Any CPU
		{0D00D2A2-A457-4D47-960D-09DD943CB0C8}.Release|Any CPU.Build.0 = Debug|Any CPU
		{0D00D2A2-A457-4D47-960D-09DD943CB0C8}.Release|x64.ActiveCfg = Release|Any CPU
		{0D00D2A2-A457-4D47-960D-09DD943CB0C8}.Release|x64.Build.0 = Release|Any CPU
		{0D00D2A2-A457-4D47-960D-09DD943CB0C8}.Release|x86.ActiveCfg = Release|Any CPU
		{0D00D2A2-A457-4D47-960D-09DD943CB0C8}.Release|x86.Build.0 = Release|Any CPU
		{E895F2A7-2CBF-43EA-968B-CCDF0EBF57A9}.Debug|Any CPU.ActiveCfg = Debug|Any CPU
		{E895F2A7-2CBF-43EA-968B-CCDF0EBF57A9}.Debug|Any CPU.Build.0 = Debug|Any CPU
		{E895F2A7-2CBF-43EA-968B-CCDF0EBF57A9}.Debug|x64.ActiveCfg = Debug|Any CPU
		{E895F2A7-2CBF-43EA-968B-CCDF0EBF57A9}.Debug|x64.Build.0 = Debug|Any CPU
		{E895F2A7-2CBF-43EA-968B-CCDF0EBF57A9}.Debug|x86.ActiveCfg = Debug|Any CPU
		{E895F2A7-2CBF-43EA-968B-CCDF0EBF57A9}.Debug|x86.Build.0 = Debug|Any CPU
		{E895F2A7-2CBF-43EA-968B-CCDF0EBF57A9}.Release|Any CPU.ActiveCfg = Release|Any CPU
		{E895F2A7-2CBF-43EA-968B-CCDF0EBF57A9}.Release|Any CPU.Build.0 = Release|Any CPU
		{E895F2A7-2CBF-43EA-968B-CCDF0EBF57A9}.Release|x64.ActiveCfg = Release|Any CPU
		{E895F2A7-2CBF-43EA-968B-CCDF0EBF57A9}.Release|x64.Build.0 = Release|Any CPU
		{E895F2A7-2CBF-43EA-968B-CCDF0EBF57A9}.Release|x86.ActiveCfg = Release|Any CPU
		{E895F2A7-2CBF-43EA-968B-CCDF0EBF57A9}.Release|x86.Build.0 = Release|Any CPU
		{EFF70D62-DA48-4AD5-A299-4ACB526A1DE3}.Debug|Any CPU.ActiveCfg = Debug|Any CPU
		{EFF70D62-DA48-4AD5-A299-4ACB526A1DE3}.Debug|Any CPU.Build.0 = Debug|Any CPU
		{EFF70D62-DA48-4AD5-A299-4ACB526A1DE3}.Debug|x64.ActiveCfg = Debug|Any CPU
		{EFF70D62-DA48-4AD5-A299-4ACB526A1DE3}.Debug|x64.Build.0 = Debug|Any CPU
		{EFF70D62-DA48-4AD5-A299-4ACB526A1DE3}.Debug|x86.ActiveCfg = Debug|Any CPU
		{EFF70D62-DA48-4AD5-A299-4ACB526A1DE3}.Debug|x86.Build.0 = Debug|Any CPU
		{EFF70D62-DA48-4AD5-A299-4ACB526A1DE3}.Release|Any CPU.ActiveCfg = Release|Any CPU
		{EFF70D62-DA48-4AD5-A299-4ACB526A1DE3}.Release|Any CPU.Build.0 = Release|Any CPU
		{EFF70D62-DA48-4AD5-A299-4ACB526A1DE3}.Release|x64.ActiveCfg = Release|Any CPU
		{EFF70D62-DA48-4AD5-A299-4ACB526A1DE3}.Release|x64.Build.0 = Release|Any CPU
		{EFF70D62-DA48-4AD5-A299-4ACB526A1DE3}.Release|x86.ActiveCfg = Release|Any CPU
		{EFF70D62-DA48-4AD5-A299-4ACB526A1DE3}.Release|x86.Build.0 = Release|Any CPU
		{DD916FB7-5F29-47EA-97D1-CECA8819E31D}.Debug|Any CPU.ActiveCfg = Debug|Any CPU
		{DD916FB7-5F29-47EA-97D1-CECA8819E31D}.Debug|Any CPU.Build.0 = Debug|Any CPU
		{DD916FB7-5F29-47EA-97D1-CECA8819E31D}.Debug|x64.ActiveCfg = Debug|Any CPU
		{DD916FB7-5F29-47EA-97D1-CECA8819E31D}.Debug|x64.Build.0 = Debug|Any CPU
		{DD916FB7-5F29-47EA-97D1-CECA8819E31D}.Debug|x86.ActiveCfg = Debug|Any CPU
		{DD916FB7-5F29-47EA-97D1-CECA8819E31D}.Debug|x86.Build.0 = Debug|Any CPU
		{DD916FB7-5F29-47EA-97D1-CECA8819E31D}.Release|Any CPU.ActiveCfg = Release|Any CPU
		{DD916FB7-5F29-47EA-97D1-CECA8819E31D}.Release|Any CPU.Build.0 = Release|Any CPU
		{DD916FB7-5F29-47EA-97D1-CECA8819E31D}.Release|x64.ActiveCfg = Release|Any CPU
		{DD916FB7-5F29-47EA-97D1-CECA8819E31D}.Release|x64.Build.0 = Release|Any CPU
		{DD916FB7-5F29-47EA-97D1-CECA8819E31D}.Release|x86.ActiveCfg = Release|Any CPU
		{DD916FB7-5F29-47EA-97D1-CECA8819E31D}.Release|x86.Build.0 = Release|Any CPU
		{078DA85E-BB04-4368-8E78-6CBD14ECCA5F}.Debug|Any CPU.ActiveCfg = Debug|Any CPU
		{078DA85E-BB04-4368-8E78-6CBD14ECCA5F}.Debug|Any CPU.Build.0 = Debug|Any CPU
		{078DA85E-BB04-4368-8E78-6CBD14ECCA5F}.Debug|x64.ActiveCfg = Debug|Any CPU
		{078DA85E-BB04-4368-8E78-6CBD14ECCA5F}.Debug|x64.Build.0 = Debug|Any CPU
		{078DA85E-BB04-4368-8E78-6CBD14ECCA5F}.Debug|x86.ActiveCfg = Debug|Any CPU
		{078DA85E-BB04-4368-8E78-6CBD14ECCA5F}.Debug|x86.Build.0 = Debug|Any CPU
		{078DA85E-BB04-4368-8E78-6CBD14ECCA5F}.Release|Any CPU.ActiveCfg = Release|Any CPU
		{078DA85E-BB04-4368-8E78-6CBD14ECCA5F}.Release|Any CPU.Build.0 = Release|Any CPU
		{078DA85E-BB04-4368-8E78-6CBD14ECCA5F}.Release|x64.ActiveCfg = Release|Any CPU
		{078DA85E-BB04-4368-8E78-6CBD14ECCA5F}.Release|x64.Build.0 = Release|Any CPU
		{078DA85E-BB04-4368-8E78-6CBD14ECCA5F}.Release|x86.ActiveCfg = Release|Any CPU
		{078DA85E-BB04-4368-8E78-6CBD14ECCA5F}.Release|x86.Build.0 = Release|Any CPU
	EndGlobalSection
	GlobalSection(SolutionProperties) = preSolution
		HideSolutionNode = FALSE
	EndGlobalSection
	GlobalSection(NestedProjects) = preSolution
		{9FE1AF9C-346A-4106-8E05-CD9E271E2BEE} = {C0DE9FA4-DE19-4046-A4C6-3A5E94D80DDC}
		{3D5B053C-9E05-42D9-B696-D8F2301F35C1} = {BE7D7498-4599-47B8-BFDB-2DDB1A9D8BE1}
		{240C41CC-7825-4323-A76C-4EFC23AD6600} = {C0DE9FA4-DE19-4046-A4C6-3A5E94D80DDC}
		{E895F2A7-2CBF-43EA-968B-CCDF0EBF57A9} = {BE7D7498-4599-47B8-BFDB-2DDB1A9D8BE1}
		{EFF70D62-DA48-4AD5-A299-4ACB526A1DE3} = {C0DE9FA4-DE19-4046-A4C6-3A5E94D80DDC}
		{DD916FB7-5F29-47EA-97D1-CECA8819E31D} = {BE7D7498-4599-47B8-BFDB-2DDB1A9D8BE1}
		{078DA85E-BB04-4368-8E78-6CBD14ECCA5F} = {C0DE9FA4-DE19-4046-A4C6-3A5E94D80DDC}
	EndGlobalSection
	GlobalSection(ExtensibilityGlobals) = postSolution
		SolutionGuid = {35163557-50AD-46BF-8E28-68A6A1D74251}
	EndGlobalSection
EndGlobal
