
Microsoft Visual Studio Solution File, Format Version 12.00
# Visual Studio Version 16
VisualStudioVersion = 16.0.28729.10
MinimumVisualStudioVersion = 10.0.40219.1
Project("{FAE04EC0-301F-11D3-BF4B-00C04F79EFBC}") = "BaseLibrary", "BaseLibrary.csproj", "{0387FE69-7E77-4DC7-9867-EC3994E946D2}"
EndProject
Project("{2150E333-8FDC-42A3-9474-1A3956D46DE8}") = "Libraries", "Libraries", "{C0DE9FA4-DE19-4046-A4C6-3A5E94D80DDC}"
EndProject
Project("{2150E333-8FDC-42A3-9474-1A3956D46DE8}") = "Potentia", "Potentia", "{DEB5B1E5-4E9A-4A30-8EB7-03DBF9255BA1}"
EndProject
Project("{FAE04EC0-301F-11D3-BF4B-00C04F79EFBC}") = "ContainerLibrary", "..\ContainerLibrary\ContainerLibrary.csproj", "{9FE1AF9C-346A-4106-8E05-CD9E271E2BEE}"
EndProject
Project("{FAE04EC0-301F-11D3-BF4B-00C04F79EFBC}") = "PortableStorage", "..\..\PortableStorage\PortableStorage.csproj", "{3D5B053C-9E05-42D9-B696-D8F2301F35C1}"
EndProject
Project("{FAE04EC0-301F-11D3-BF4B-00C04F79EFBC}") = "FluidLibrary", "..\FluidLibrary\FluidLibrary.csproj", "{240C41CC-7825-4323-A76C-4EFC23AD6600}"
EndProject
Project("{FAE04EC0-301F-11D3-BF4B-00C04F79EFBC}") = "RefinedCode", "..\..\RefinedCode\RefinedCode.csproj", "{B8EBF077-B426-4342-819A-08E9F0908C70}"
EndProject
Project("{FAE04EC0-301F-11D3-BF4B-00C04F79EFBC}") = "TapeMeasure", "..\..\TapeMeasure\TapeMeasure.csproj", "{04830582-54B6-4DD1-944A-99512841EE55}"
EndProject
Project("{FAE04EC0-301F-11D3-BF4B-00C04F79EFBC}") = "EnhancedTooltip", "..\..\EnhancedTooltip\EnhancedTooltip.csproj", "{6DEC099C-19C7-4622-B72D-385A9C944F9C}"
EndProject
Project("{FAE04EC0-301F-11D3-BF4B-00C04F79EFBC}") = "Teleportation", "..\..\Teleportation\Teleportation.csproj", "{391BEAB8-689D-449B-B356-D91DD73ACB2B}"
EndProject
Project("{FAE04EC0-301F-11D3-BF4B-00C04F79EFBC}") = "StorageRefinements", "..\..\StorageRefinements\StorageRefinements.csproj", "{A4FC63E6-1767-4317-8743-EA6543B447C7}"
EndProject
Project("{FAE04EC0-301F-11D3-BF4B-00C04F79EFBC}") = "ModularTools", "..\..\ModularTools\ModularTools.csproj", "{28590906-4374-4679-80C7-B711F3054BEC}"
EndProject
Project("{FAE04EC0-301F-11D3-BF4B-00C04F79EFBC}") = "MassStorage", "..\..\MassStorage\MassStorage.csproj", "{2042B893-344B-4A7A-8667-6D7D5D35E5EE}"
EndProject
Project("{FAE04EC0-301F-11D3-BF4B-00C04F79EFBC}") = "BaseDefense", "..\..\BaseDefense\BaseDefense.csproj", "{2DD2A7DD-8A9A-44F4-B2F7-0CD78E6A87CF}"
EndProject
Project("{FAE04EC0-301F-11D3-BF4B-00C04F79EFBC}") = "MobFactory", "..\..\MobFactory\MobFactory.csproj", "{562BF6D3-1E80-4AD8-9CB2-CD2A38DA93A0}"
EndProject
Project("{FAE04EC0-301F-11D3-BF4B-00C04F79EFBC}") = "TerraFirma", "..\..\TerraFirma\TerraFirma.csproj", "{0D00D2A2-A457-4D47-960D-09DD943CB0C8}"
EndProject
Project("{2150E333-8FDC-42A3-9474-1A3956D46DE8}") = "ToBegin", "ToBegin", "{FD496946-BE8B-47A4-A413-DD6FFFBDD5C3}"
EndProject
Project("{FAE04EC0-301F-11D3-BF4B-00C04F79EFBC}") = "TChromiumFX", "..\..\TChromiumFX\TChromiumFX.csproj", "{CB430421-2F50-4678-A3B0-1034E68D36D5}"
EndProject
Project("{FAE04EC0-301F-11D3-BF4B-00C04F79EFBC}") = "QuantumStorage", "..\..\QuantumStorage\QuantumStorage.csproj", "{E895F2A7-2CBF-43EA-968B-CCDF0EBF57A9}"
EndProject
Global
	GlobalSection(SolutionConfigurationPlatforms) = preSolution
		Debug|Any CPU = Debug|Any CPU
		Debug|x64 = Debug|x64
		Debug|x86 = Debug|x86
		Release|Any CPU = Release|Any CPU
		Release|x64 = Release|x64
		Release|x86 = Release|x86
		Server|Any CPU = Server|Any CPU
		Server|x64 = Server|x64
		Server|x86 = Server|x86
	EndGlobalSection
	GlobalSection(ProjectConfigurationPlatforms) = postSolution
		{0387FE69-7E77-4DC7-9867-EC3994E946D2}.Debug|Any CPU.ActiveCfg = Debug|Any CPU
		{0387FE69-7E77-4DC7-9867-EC3994E946D2}.Debug|Any CPU.Build.0 = Debug|Any CPU
		{0387FE69-7E77-4DC7-9867-EC3994E946D2}.Debug|x64.ActiveCfg = Debug|Any CPU
		{0387FE69-7E77-4DC7-9867-EC3994E946D2}.Debug|x64.Build.0 = Debug|Any CPU
		{0387FE69-7E77-4DC7-9867-EC3994E946D2}.Debug|x86.ActiveCfg = Debug|x86
		{0387FE69-7E77-4DC7-9867-EC3994E946D2}.Debug|x86.Build.0 = Debug|x86
		{0387FE69-7E77-4DC7-9867-EC3994E946D2}.Release|Any CPU.ActiveCfg = Debug|Any CPU
		{0387FE69-7E77-4DC7-9867-EC3994E946D2}.Release|Any CPU.Build.0 = Debug|Any CPU
		{0387FE69-7E77-4DC7-9867-EC3994E946D2}.Release|x64.ActiveCfg = Release|Any CPU
		{0387FE69-7E77-4DC7-9867-EC3994E946D2}.Release|x64.Build.0 = Release|Any CPU
		{0387FE69-7E77-4DC7-9867-EC3994E946D2}.Release|x86.ActiveCfg = Release|x86
		{0387FE69-7E77-4DC7-9867-EC3994E946D2}.Release|x86.Build.0 = Release|x86
		{0387FE69-7E77-4DC7-9867-EC3994E946D2}.Server|Any CPU.ActiveCfg = Debug|Any CPU
		{0387FE69-7E77-4DC7-9867-EC3994E946D2}.Server|Any CPU.Build.0 = Debug|Any CPU
		{0387FE69-7E77-4DC7-9867-EC3994E946D2}.Server|x64.ActiveCfg = Release|Any CPU
		{0387FE69-7E77-4DC7-9867-EC3994E946D2}.Server|x64.Build.0 = Release|Any CPU
		{0387FE69-7E77-4DC7-9867-EC3994E946D2}.Server|x86.ActiveCfg = Release|x86
		{0387FE69-7E77-4DC7-9867-EC3994E946D2}.Server|x86.Build.0 = Release|x86
		{9FE1AF9C-346A-4106-8E05-CD9E271E2BEE}.Debug|Any CPU.ActiveCfg = Debug|Any CPU
		{9FE1AF9C-346A-4106-8E05-CD9E271E2BEE}.Debug|Any CPU.Build.0 = Debug|Any CPU
		{9FE1AF9C-346A-4106-8E05-CD9E271E2BEE}.Debug|x64.ActiveCfg = Debug|Any CPU
		{9FE1AF9C-346A-4106-8E05-CD9E271E2BEE}.Debug|x64.Build.0 = Debug|Any CPU
		{9FE1AF9C-346A-4106-8E05-CD9E271E2BEE}.Debug|x86.ActiveCfg = Debug|x86
		{9FE1AF9C-346A-4106-8E05-CD9E271E2BEE}.Debug|x86.Build.0 = Debug|x86
		{9FE1AF9C-346A-4106-8E05-CD9E271E2BEE}.Release|Any CPU.ActiveCfg = Debug|Any CPU
		{9FE1AF9C-346A-4106-8E05-CD9E271E2BEE}.Release|Any CPU.Build.0 = Debug|Any CPU
		{9FE1AF9C-346A-4106-8E05-CD9E271E2BEE}.Release|x64.ActiveCfg = Debug|Any CPU
		{9FE1AF9C-346A-4106-8E05-CD9E271E2BEE}.Release|x64.Build.0 = Debug|Any CPU
		{9FE1AF9C-346A-4106-8E05-CD9E271E2BEE}.Release|x86.ActiveCfg = Debug|x86
		{9FE1AF9C-346A-4106-8E05-CD9E271E2BEE}.Release|x86.Build.0 = Debug|x86
		{9FE1AF9C-346A-4106-8E05-CD9E271E2BEE}.Server|Any CPU.ActiveCfg = Debug|Any CPU
		{9FE1AF9C-346A-4106-8E05-CD9E271E2BEE}.Server|Any CPU.Build.0 = Debug|Any CPU
		{9FE1AF9C-346A-4106-8E05-CD9E271E2BEE}.Server|x64.ActiveCfg = Debug|Any CPU
		{9FE1AF9C-346A-4106-8E05-CD9E271E2BEE}.Server|x64.Build.0 = Debug|Any CPU
		{9FE1AF9C-346A-4106-8E05-CD9E271E2BEE}.Server|x86.ActiveCfg = Debug|x86
		{9FE1AF9C-346A-4106-8E05-CD9E271E2BEE}.Server|x86.Build.0 = Debug|x86
		{3D5B053C-9E05-42D9-B696-D8F2301F35C1}.Debug|Any CPU.ActiveCfg = Debug|Any CPU
		{3D5B053C-9E05-42D9-B696-D8F2301F35C1}.Debug|Any CPU.Build.0 = Debug|Any CPU
		{3D5B053C-9E05-42D9-B696-D8F2301F35C1}.Debug|x64.ActiveCfg = Debug|Any CPU
		{3D5B053C-9E05-42D9-B696-D8F2301F35C1}.Debug|x64.Build.0 = Debug|Any CPU
		{3D5B053C-9E05-42D9-B696-D8F2301F35C1}.Debug|x86.ActiveCfg = Debug|x86
		{3D5B053C-9E05-42D9-B696-D8F2301F35C1}.Debug|x86.Build.0 = Debug|x86
		{3D5B053C-9E05-42D9-B696-D8F2301F35C1}.Release|Any CPU.ActiveCfg = Debug|Any CPU
		{3D5B053C-9E05-42D9-B696-D8F2301F35C1}.Release|Any CPU.Build.0 = Debug|Any CPU
		{3D5B053C-9E05-42D9-B696-D8F2301F35C1}.Release|x64.ActiveCfg = Release|Any CPU
		{3D5B053C-9E05-42D9-B696-D8F2301F35C1}.Release|x64.Build.0 = Release|Any CPU
		{3D5B053C-9E05-42D9-B696-D8F2301F35C1}.Release|x86.ActiveCfg = Release|x86
		{3D5B053C-9E05-42D9-B696-D8F2301F35C1}.Release|x86.Build.0 = Release|x86
		{3D5B053C-9E05-42D9-B696-D8F2301F35C1}.Server|Any CPU.ActiveCfg = Release|Any CPU
		{3D5B053C-9E05-42D9-B696-D8F2301F35C1}.Server|Any CPU.Build.0 = Release|Any CPU
		{3D5B053C-9E05-42D9-B696-D8F2301F35C1}.Server|x64.ActiveCfg = Release|Any CPU
		{3D5B053C-9E05-42D9-B696-D8F2301F35C1}.Server|x64.Build.0 = Release|Any CPU
		{3D5B053C-9E05-42D9-B696-D8F2301F35C1}.Server|x86.ActiveCfg = Release|x86
		{3D5B053C-9E05-42D9-B696-D8F2301F35C1}.Server|x86.Build.0 = Release|x86
		{240C41CC-7825-4323-A76C-4EFC23AD6600}.Debug|Any CPU.ActiveCfg = Debug|Any CPU
		{240C41CC-7825-4323-A76C-4EFC23AD6600}.Debug|Any CPU.Build.0 = Debug|Any CPU
		{240C41CC-7825-4323-A76C-4EFC23AD6600}.Debug|x64.ActiveCfg = Debug|Any CPU
		{240C41CC-7825-4323-A76C-4EFC23AD6600}.Debug|x64.Build.0 = Debug|Any CPU
		{240C41CC-7825-4323-A76C-4EFC23AD6600}.Debug|x86.ActiveCfg = Debug|x86
		{240C41CC-7825-4323-A76C-4EFC23AD6600}.Debug|x86.Build.0 = Debug|x86
		{240C41CC-7825-4323-A76C-4EFC23AD6600}.Release|Any CPU.ActiveCfg = Debug|Any CPU
		{240C41CC-7825-4323-A76C-4EFC23AD6600}.Release|Any CPU.Build.0 = Debug|Any CPU
		{240C41CC-7825-4323-A76C-4EFC23AD6600}.Release|x64.ActiveCfg = Debug|Any CPU
		{240C41CC-7825-4323-A76C-4EFC23AD6600}.Release|x64.Build.0 = Debug|Any CPU
		{240C41CC-7825-4323-A76C-4EFC23AD6600}.Release|x86.ActiveCfg = Debug|x86
		{240C41CC-7825-4323-A76C-4EFC23AD6600}.Release|x86.Build.0 = Debug|x86
		{240C41CC-7825-4323-A76C-4EFC23AD6600}.Server|Any CPU.ActiveCfg = Debug|Any CPU
		{240C41CC-7825-4323-A76C-4EFC23AD6600}.Server|Any CPU.Build.0 = Debug|Any CPU
		{240C41CC-7825-4323-A76C-4EFC23AD6600}.Server|x64.ActiveCfg = Debug|Any CPU
		{240C41CC-7825-4323-A76C-4EFC23AD6600}.Server|x64.Build.0 = Debug|Any CPU
		{240C41CC-7825-4323-A76C-4EFC23AD6600}.Server|x86.ActiveCfg = Debug|x86
		{240C41CC-7825-4323-A76C-4EFC23AD6600}.Server|x86.Build.0 = Debug|x86
		{B8EBF077-B426-4342-819A-08E9F0908C70}.Debug|Any CPU.ActiveCfg = Debug|Any CPU
		{B8EBF077-B426-4342-819A-08E9F0908C70}.Debug|Any CPU.Build.0 = Debug|Any CPU
		{B8EBF077-B426-4342-819A-08E9F0908C70}.Debug|x64.ActiveCfg = Debug|Any CPU
		{B8EBF077-B426-4342-819A-08E9F0908C70}.Debug|x64.Build.0 = Debug|Any CPU
		{B8EBF077-B426-4342-819A-08E9F0908C70}.Debug|x86.ActiveCfg = Debug|x86
		{B8EBF077-B426-4342-819A-08E9F0908C70}.Debug|x86.Build.0 = Debug|x86
		{B8EBF077-B426-4342-819A-08E9F0908C70}.Release|Any CPU.ActiveCfg = Debug|Any CPU
		{B8EBF077-B426-4342-819A-08E9F0908C70}.Release|Any CPU.Build.0 = Debug|Any CPU
		{B8EBF077-B426-4342-819A-08E9F0908C70}.Release|x64.ActiveCfg = Release|Any CPU
		{B8EBF077-B426-4342-819A-08E9F0908C70}.Release|x64.Build.0 = Release|Any CPU
		{B8EBF077-B426-4342-819A-08E9F0908C70}.Release|x86.ActiveCfg = Release|x86
		{B8EBF077-B426-4342-819A-08E9F0908C70}.Release|x86.Build.0 = Release|x86
		{B8EBF077-B426-4342-819A-08E9F0908C70}.Server|Any CPU.ActiveCfg = Release|Any CPU
		{B8EBF077-B426-4342-819A-08E9F0908C70}.Server|Any CPU.Build.0 = Release|Any CPU
		{B8EBF077-B426-4342-819A-08E9F0908C70}.Server|x64.ActiveCfg = Release|Any CPU
		{B8EBF077-B426-4342-819A-08E9F0908C70}.Server|x64.Build.0 = Release|Any CPU
		{B8EBF077-B426-4342-819A-08E9F0908C70}.Server|x86.ActiveCfg = Release|x86
		{B8EBF077-B426-4342-819A-08E9F0908C70}.Server|x86.Build.0 = Release|x86
		{04830582-54B6-4DD1-944A-99512841EE55}.Debug|Any CPU.ActiveCfg = Debug|Any CPU
		{04830582-54B6-4DD1-944A-99512841EE55}.Debug|Any CPU.Build.0 = Debug|Any CPU
		{04830582-54B6-4DD1-944A-99512841EE55}.Debug|x64.ActiveCfg = Debug|Any CPU
		{04830582-54B6-4DD1-944A-99512841EE55}.Debug|x64.Build.0 = Debug|Any CPU
		{04830582-54B6-4DD1-944A-99512841EE55}.Debug|x86.ActiveCfg = Debug|Any CPU
		{04830582-54B6-4DD1-944A-99512841EE55}.Debug|x86.Build.0 = Debug|Any CPU
		{04830582-54B6-4DD1-944A-99512841EE55}.Release|Any CPU.ActiveCfg = Debug|Any CPU
		{04830582-54B6-4DD1-944A-99512841EE55}.Release|Any CPU.Build.0 = Debug|Any CPU
		{04830582-54B6-4DD1-944A-99512841EE55}.Release|x64.ActiveCfg = Release|Any CPU
		{04830582-54B6-4DD1-944A-99512841EE55}.Release|x64.Build.0 = Release|Any CPU
		{04830582-54B6-4DD1-944A-99512841EE55}.Release|x86.ActiveCfg = Release|Any CPU
		{04830582-54B6-4DD1-944A-99512841EE55}.Release|x86.Build.0 = Release|Any CPU
		{04830582-54B6-4DD1-944A-99512841EE55}.Server|Any CPU.ActiveCfg = Release|Any CPU
		{04830582-54B6-4DD1-944A-99512841EE55}.Server|Any CPU.Build.0 = Release|Any CPU
		{04830582-54B6-4DD1-944A-99512841EE55}.Server|x64.ActiveCfg = Release|Any CPU
		{04830582-54B6-4DD1-944A-99512841EE55}.Server|x64.Build.0 = Release|Any CPU
		{04830582-54B6-4DD1-944A-99512841EE55}.Server|x86.ActiveCfg = Release|Any CPU
		{04830582-54B6-4DD1-944A-99512841EE55}.Server|x86.Build.0 = Release|Any CPU
		{6DEC099C-19C7-4622-B72D-385A9C944F9C}.Debug|Any CPU.ActiveCfg = Debug|Any CPU
		{6DEC099C-19C7-4622-B72D-385A9C944F9C}.Debug|Any CPU.Build.0 = Debug|Any CPU
		{6DEC099C-19C7-4622-B72D-385A9C944F9C}.Debug|x64.ActiveCfg = Debug|Any CPU
		{6DEC099C-19C7-4622-B72D-385A9C944F9C}.Debug|x64.Build.0 = Debug|Any CPU
		{6DEC099C-19C7-4622-B72D-385A9C944F9C}.Debug|x86.ActiveCfg = Debug|Any CPU
		{6DEC099C-19C7-4622-B72D-385A9C944F9C}.Debug|x86.Build.0 = Debug|Any CPU
		{6DEC099C-19C7-4622-B72D-385A9C944F9C}.Release|Any CPU.ActiveCfg = Debug|Any CPU
		{6DEC099C-19C7-4622-B72D-385A9C944F9C}.Release|Any CPU.Build.0 = Debug|Any CPU
		{6DEC099C-19C7-4622-B72D-385A9C944F9C}.Release|x64.ActiveCfg = Release|Any CPU
		{6DEC099C-19C7-4622-B72D-385A9C944F9C}.Release|x64.Build.0 = Release|Any CPU
		{6DEC099C-19C7-4622-B72D-385A9C944F9C}.Release|x86.ActiveCfg = Release|Any CPU
		{6DEC099C-19C7-4622-B72D-385A9C944F9C}.Release|x86.Build.0 = Release|Any CPU
		{6DEC099C-19C7-4622-B72D-385A9C944F9C}.Server|Any CPU.ActiveCfg = Release|Any CPU
		{6DEC099C-19C7-4622-B72D-385A9C944F9C}.Server|Any CPU.Build.0 = Release|Any CPU
		{6DEC099C-19C7-4622-B72D-385A9C944F9C}.Server|x64.ActiveCfg = Release|Any CPU
		{6DEC099C-19C7-4622-B72D-385A9C944F9C}.Server|x64.Build.0 = Release|Any CPU
		{6DEC099C-19C7-4622-B72D-385A9C944F9C}.Server|x86.ActiveCfg = Release|Any CPU
		{6DEC099C-19C7-4622-B72D-385A9C944F9C}.Server|x86.Build.0 = Release|Any CPU
		{391BEAB8-689D-449B-B356-D91DD73ACB2B}.Debug|Any CPU.ActiveCfg = Debug|Any CPU
		{391BEAB8-689D-449B-B356-D91DD73ACB2B}.Debug|Any CPU.Build.0 = Debug|Any CPU
		{391BEAB8-689D-449B-B356-D91DD73ACB2B}.Debug|x64.ActiveCfg = Debug|Any CPU
		{391BEAB8-689D-449B-B356-D91DD73ACB2B}.Debug|x64.Build.0 = Debug|Any CPU
		{391BEAB8-689D-449B-B356-D91DD73ACB2B}.Debug|x86.ActiveCfg = Debug|Any CPU
		{391BEAB8-689D-449B-B356-D91DD73ACB2B}.Debug|x86.Build.0 = Debug|Any CPU
		{391BEAB8-689D-449B-B356-D91DD73ACB2B}.Release|Any CPU.ActiveCfg = Debug|Any CPU
		{391BEAB8-689D-449B-B356-D91DD73ACB2B}.Release|Any CPU.Build.0 = Debug|Any CPU
		{391BEAB8-689D-449B-B356-D91DD73ACB2B}.Release|x64.ActiveCfg = Release|Any CPU
		{391BEAB8-689D-449B-B356-D91DD73ACB2B}.Release|x64.Build.0 = Release|Any CPU
		{391BEAB8-689D-449B-B356-D91DD73ACB2B}.Release|x86.ActiveCfg = Release|Any CPU
		{391BEAB8-689D-449B-B356-D91DD73ACB2B}.Release|x86.Build.0 = Release|Any CPU
		{391BEAB8-689D-449B-B356-D91DD73ACB2B}.Server|Any CPU.ActiveCfg = Release|Any CPU
		{391BEAB8-689D-449B-B356-D91DD73ACB2B}.Server|Any CPU.Build.0 = Release|Any CPU
		{391BEAB8-689D-449B-B356-D91DD73ACB2B}.Server|x64.ActiveCfg = Release|Any CPU
		{391BEAB8-689D-449B-B356-D91DD73ACB2B}.Server|x64.Build.0 = Release|Any CPU
		{391BEAB8-689D-449B-B356-D91DD73ACB2B}.Server|x86.ActiveCfg = Release|Any CPU
		{391BEAB8-689D-449B-B356-D91DD73ACB2B}.Server|x86.Build.0 = Release|Any CPU
		{A4FC63E6-1767-4317-8743-EA6543B447C7}.Debug|Any CPU.ActiveCfg = Debug|Any CPU
		{A4FC63E6-1767-4317-8743-EA6543B447C7}.Debug|Any CPU.Build.0 = Debug|Any CPU
		{A4FC63E6-1767-4317-8743-EA6543B447C7}.Debug|x64.ActiveCfg = Debug|Any CPU
		{A4FC63E6-1767-4317-8743-EA6543B447C7}.Debug|x64.Build.0 = Debug|Any CPU
		{A4FC63E6-1767-4317-8743-EA6543B447C7}.Debug|x86.ActiveCfg = Debug|Any CPU
		{A4FC63E6-1767-4317-8743-EA6543B447C7}.Debug|x86.Build.0 = Debug|Any CPU
		{A4FC63E6-1767-4317-8743-EA6543B447C7}.Release|Any CPU.ActiveCfg = Debug|Any CPU
		{A4FC63E6-1767-4317-8743-EA6543B447C7}.Release|Any CPU.Build.0 = Debug|Any CPU
		{A4FC63E6-1767-4317-8743-EA6543B447C7}.Release|x64.ActiveCfg = Release|Any CPU
		{A4FC63E6-1767-4317-8743-EA6543B447C7}.Release|x64.Build.0 = Release|Any CPU
		{A4FC63E6-1767-4317-8743-EA6543B447C7}.Release|x86.ActiveCfg = Release|Any CPU
		{A4FC63E6-1767-4317-8743-EA6543B447C7}.Release|x86.Build.0 = Release|Any CPU
		{A4FC63E6-1767-4317-8743-EA6543B447C7}.Server|Any CPU.ActiveCfg = Release|Any CPU
		{A4FC63E6-1767-4317-8743-EA6543B447C7}.Server|Any CPU.Build.0 = Release|Any CPU
		{A4FC63E6-1767-4317-8743-EA6543B447C7}.Server|x64.ActiveCfg = Release|Any CPU
		{A4FC63E6-1767-4317-8743-EA6543B447C7}.Server|x64.Build.0 = Release|Any CPU
		{A4FC63E6-1767-4317-8743-EA6543B447C7}.Server|x86.ActiveCfg = Release|Any CPU
		{A4FC63E6-1767-4317-8743-EA6543B447C7}.Server|x86.Build.0 = Release|Any CPU
		{28590906-4374-4679-80C7-B711F3054BEC}.Debug|Any CPU.ActiveCfg = Debug|Any CPU
		{28590906-4374-4679-80C7-B711F3054BEC}.Debug|Any CPU.Build.0 = Debug|Any CPU
		{28590906-4374-4679-80C7-B711F3054BEC}.Debug|x64.ActiveCfg = Debug|Any CPU
		{28590906-4374-4679-80C7-B711F3054BEC}.Debug|x64.Build.0 = Debug|Any CPU
		{28590906-4374-4679-80C7-B711F3054BEC}.Debug|x86.ActiveCfg = Debug|Any CPU
		{28590906-4374-4679-80C7-B711F3054BEC}.Debug|x86.Build.0 = Debug|Any CPU
		{28590906-4374-4679-80C7-B711F3054BEC}.Release|Any CPU.ActiveCfg = Debug|Any CPU
		{28590906-4374-4679-80C7-B711F3054BEC}.Release|Any CPU.Build.0 = Debug|Any CPU
		{28590906-4374-4679-80C7-B711F3054BEC}.Release|x64.ActiveCfg = Release|Any CPU
		{28590906-4374-4679-80C7-B711F3054BEC}.Release|x64.Build.0 = Release|Any CPU
		{28590906-4374-4679-80C7-B711F3054BEC}.Release|x86.ActiveCfg = Release|Any CPU
		{28590906-4374-4679-80C7-B711F3054BEC}.Release|x86.Build.0 = Release|Any CPU
		{28590906-4374-4679-80C7-B711F3054BEC}.Server|Any CPU.ActiveCfg = Release|Any CPU
		{28590906-4374-4679-80C7-B711F3054BEC}.Server|Any CPU.Build.0 = Release|Any CPU
		{28590906-4374-4679-80C7-B711F3054BEC}.Server|x64.ActiveCfg = Release|Any CPU
		{28590906-4374-4679-80C7-B711F3054BEC}.Server|x64.Build.0 = Release|Any CPU
		{28590906-4374-4679-80C7-B711F3054BEC}.Server|x86.ActiveCfg = Release|Any CPU
		{28590906-4374-4679-80C7-B711F3054BEC}.Server|x86.Build.0 = Release|Any CPU
		{2042B893-344B-4A7A-8667-6D7D5D35E5EE}.Debug|Any CPU.ActiveCfg = Debug|Any CPU
		{2042B893-344B-4A7A-8667-6D7D5D35E5EE}.Debug|Any CPU.Build.0 = Debug|Any CPU
		{2042B893-344B-4A7A-8667-6D7D5D35E5EE}.Debug|x64.ActiveCfg = Debug|Any CPU
		{2042B893-344B-4A7A-8667-6D7D5D35E5EE}.Debug|x64.Build.0 = Debug|Any CPU
		{2042B893-344B-4A7A-8667-6D7D5D35E5EE}.Debug|x86.ActiveCfg = Debug|Any CPU
		{2042B893-344B-4A7A-8667-6D7D5D35E5EE}.Debug|x86.Build.0 = Debug|Any CPU
		{2042B893-344B-4A7A-8667-6D7D5D35E5EE}.Release|Any CPU.ActiveCfg = Debug|Any CPU
		{2042B893-344B-4A7A-8667-6D7D5D35E5EE}.Release|Any CPU.Build.0 = Debug|Any CPU
		{2042B893-344B-4A7A-8667-6D7D5D35E5EE}.Release|x64.ActiveCfg = Release|Any CPU
		{2042B893-344B-4A7A-8667-6D7D5D35E5EE}.Release|x64.Build.0 = Release|Any CPU
		{2042B893-344B-4A7A-8667-6D7D5D35E5EE}.Release|x86.ActiveCfg = Release|Any CPU
		{2042B893-344B-4A7A-8667-6D7D5D35E5EE}.Release|x86.Build.0 = Release|Any CPU
		{2042B893-344B-4A7A-8667-6D7D5D35E5EE}.Server|Any CPU.ActiveCfg = Release|Any CPU
		{2042B893-344B-4A7A-8667-6D7D5D35E5EE}.Server|Any CPU.Build.0 = Release|Any CPU
		{2042B893-344B-4A7A-8667-6D7D5D35E5EE}.Server|x64.ActiveCfg = Release|Any CPU
		{2042B893-344B-4A7A-8667-6D7D5D35E5EE}.Server|x64.Build.0 = Release|Any CPU
		{2042B893-344B-4A7A-8667-6D7D5D35E5EE}.Server|x86.ActiveCfg = Release|Any CPU
		{2042B893-344B-4A7A-8667-6D7D5D35E5EE}.Server|x86.Build.0 = Release|Any CPU
		{2DD2A7DD-8A9A-44F4-B2F7-0CD78E6A87CF}.Debug|Any CPU.ActiveCfg = Debug|Any CPU
		{2DD2A7DD-8A9A-44F4-B2F7-0CD78E6A87CF}.Debug|Any CPU.Build.0 = Debug|Any CPU
		{2DD2A7DD-8A9A-44F4-B2F7-0CD78E6A87CF}.Debug|x64.ActiveCfg = Debug|Any CPU
		{2DD2A7DD-8A9A-44F4-B2F7-0CD78E6A87CF}.Debug|x64.Build.0 = Debug|Any CPU
		{2DD2A7DD-8A9A-44F4-B2F7-0CD78E6A87CF}.Debug|x86.ActiveCfg = Debug|Any CPU
		{2DD2A7DD-8A9A-44F4-B2F7-0CD78E6A87CF}.Debug|x86.Build.0 = Debug|Any CPU
		{2DD2A7DD-8A9A-44F4-B2F7-0CD78E6A87CF}.Release|Any CPU.ActiveCfg = Debug|Any CPU
		{2DD2A7DD-8A9A-44F4-B2F7-0CD78E6A87CF}.Release|Any CPU.Build.0 = Debug|Any CPU
		{2DD2A7DD-8A9A-44F4-B2F7-0CD78E6A87CF}.Release|x64.ActiveCfg = Debug|Any CPU
		{2DD2A7DD-8A9A-44F4-B2F7-0CD78E6A87CF}.Release|x64.Build.0 = Debug|Any CPU
		{2DD2A7DD-8A9A-44F4-B2F7-0CD78E6A87CF}.Release|x86.ActiveCfg = Debug|Any CPU
		{2DD2A7DD-8A9A-44F4-B2F7-0CD78E6A87CF}.Release|x86.Build.0 = Debug|Any CPU
		{2DD2A7DD-8A9A-44F4-B2F7-0CD78E6A87CF}.Server|Any CPU.ActiveCfg = Debug|Any CPU
		{2DD2A7DD-8A9A-44F4-B2F7-0CD78E6A87CF}.Server|Any CPU.Build.0 = Debug|Any CPU
		{2DD2A7DD-8A9A-44F4-B2F7-0CD78E6A87CF}.Server|x64.ActiveCfg = Debug|Any CPU
		{2DD2A7DD-8A9A-44F4-B2F7-0CD78E6A87CF}.Server|x64.Build.0 = Debug|Any CPU
		{2DD2A7DD-8A9A-44F4-B2F7-0CD78E6A87CF}.Server|x86.ActiveCfg = Debug|Any CPU
		{2DD2A7DD-8A9A-44F4-B2F7-0CD78E6A87CF}.Server|x86.Build.0 = Debug|Any CPU
		{562BF6D3-1E80-4AD8-9CB2-CD2A38DA93A0}.Debug|Any CPU.ActiveCfg = Debug|Any CPU
		{562BF6D3-1E80-4AD8-9CB2-CD2A38DA93A0}.Debug|Any CPU.Build.0 = Debug|Any CPU
		{562BF6D3-1E80-4AD8-9CB2-CD2A38DA93A0}.Debug|x64.ActiveCfg = Debug|Any CPU
		{562BF6D3-1E80-4AD8-9CB2-CD2A38DA93A0}.Debug|x64.Build.0 = Debug|Any CPU
		{562BF6D3-1E80-4AD8-9CB2-CD2A38DA93A0}.Debug|x86.ActiveCfg = Debug|Any CPU
		{562BF6D3-1E80-4AD8-9CB2-CD2A38DA93A0}.Debug|x86.Build.0 = Debug|Any CPU
		{562BF6D3-1E80-4AD8-9CB2-CD2A38DA93A0}.Release|Any CPU.ActiveCfg = Debug|Any CPU
		{562BF6D3-1E80-4AD8-9CB2-CD2A38DA93A0}.Release|Any CPU.Build.0 = Debug|Any CPU
		{562BF6D3-1E80-4AD8-9CB2-CD2A38DA93A0}.Release|x64.ActiveCfg = Release|Any CPU
		{562BF6D3-1E80-4AD8-9CB2-CD2A38DA93A0}.Release|x64.Build.0 = Release|Any CPU
		{562BF6D3-1E80-4AD8-9CB2-CD2A38DA93A0}.Release|x86.ActiveCfg = Release|Any CPU
		{562BF6D3-1E80-4AD8-9CB2-CD2A38DA93A0}.Release|x86.Build.0 = Release|Any CPU
		{562BF6D3-1E80-4AD8-9CB2-CD2A38DA93A0}.Server|Any CPU.ActiveCfg = Release|Any CPU
		{562BF6D3-1E80-4AD8-9CB2-CD2A38DA93A0}.Server|Any CPU.Build.0 = Release|Any CPU
		{562BF6D3-1E80-4AD8-9CB2-CD2A38DA93A0}.Server|x64.ActiveCfg = Release|Any CPU
		{562BF6D3-1E80-4AD8-9CB2-CD2A38DA93A0}.Server|x64.Build.0 = Release|Any CPU
		{562BF6D3-1E80-4AD8-9CB2-CD2A38DA93A0}.Server|x86.ActiveCfg = Release|Any CPU
		{562BF6D3-1E80-4AD8-9CB2-CD2A38DA93A0}.Server|x86.Build.0 = Release|Any CPU
		{0D00D2A2-A457-4D47-960D-09DD943CB0C8}.Debug|Any CPU.ActiveCfg = Debug|Any CPU
		{0D00D2A2-A457-4D47-960D-09DD943CB0C8}.Debug|Any CPU.Build.0 = Debug|Any CPU
		{0D00D2A2-A457-4D47-960D-09DD943CB0C8}.Debug|x64.ActiveCfg = Debug|Any CPU
		{0D00D2A2-A457-4D47-960D-09DD943CB0C8}.Debug|x64.Build.0 = Debug|Any CPU
		{0D00D2A2-A457-4D47-960D-09DD943CB0C8}.Debug|x86.ActiveCfg = Debug|Any CPU
		{0D00D2A2-A457-4D47-960D-09DD943CB0C8}.Debug|x86.Build.0 = Debug|Any CPU
		{0D00D2A2-A457-4D47-960D-09DD943CB0C8}.Release|Any CPU.ActiveCfg = Debug|Any CPU
		{0D00D2A2-A457-4D47-960D-09DD943CB0C8}.Release|Any CPU.Build.0 = Debug|Any CPU
		{0D00D2A2-A457-4D47-960D-09DD943CB0C8}.Release|x64.ActiveCfg = Release|Any CPU
		{0D00D2A2-A457-4D47-960D-09DD943CB0C8}.Release|x64.Build.0 = Release|Any CPU
		{0D00D2A2-A457-4D47-960D-09DD943CB0C8}.Release|x86.ActiveCfg = Release|Any CPU
		{0D00D2A2-A457-4D47-960D-09DD943CB0C8}.Release|x86.Build.0 = Release|Any CPU
		{0D00D2A2-A457-4D47-960D-09DD943CB0C8}.Server|Any CPU.ActiveCfg = Release|Any CPU
		{0D00D2A2-A457-4D47-960D-09DD943CB0C8}.Server|Any CPU.Build.0 = Release|Any CPU
		{0D00D2A2-A457-4D47-960D-09DD943CB0C8}.Server|x64.ActiveCfg = Release|Any CPU
		{0D00D2A2-A457-4D47-960D-09DD943CB0C8}.Server|x64.Build.0 = Release|Any CPU
		{0D00D2A2-A457-4D47-960D-09DD943CB0C8}.Server|x86.ActiveCfg = Release|Any CPU
		{0D00D2A2-A457-4D47-960D-09DD943CB0C8}.Server|x86.Build.0 = Release|Any CPU
		{CB430421-2F50-4678-A3B0-1034E68D36D5}.Debug|Any CPU.ActiveCfg = Debug|Any CPU
		{CB430421-2F50-4678-A3B0-1034E68D36D5}.Debug|Any CPU.Build.0 = Debug|Any CPU
		{CB430421-2F50-4678-A3B0-1034E68D36D5}.Debug|x64.ActiveCfg = Debug|Any CPU
		{CB430421-2F50-4678-A3B0-1034E68D36D5}.Debug|x64.Build.0 = Debug|Any CPU
		{CB430421-2F50-4678-A3B0-1034E68D36D5}.Debug|x86.ActiveCfg = Debug|Any CPU
		{CB430421-2F50-4678-A3B0-1034E68D36D5}.Debug|x86.Build.0 = Debug|Any CPU
		{CB430421-2F50-4678-A3B0-1034E68D36D5}.Release|Any CPU.ActiveCfg = Release|Any CPU
		{CB430421-2F50-4678-A3B0-1034E68D36D5}.Release|Any CPU.Build.0 = Release|Any CPU
		{CB430421-2F50-4678-A3B0-1034E68D36D5}.Release|x64.ActiveCfg = Release|Any CPU
		{CB430421-2F50-4678-A3B0-1034E68D36D5}.Release|x64.Build.0 = Release|Any CPU
		{CB430421-2F50-4678-A3B0-1034E68D36D5}.Release|x86.ActiveCfg = Release|Any CPU
		{CB430421-2F50-4678-A3B0-1034E68D36D5}.Release|x86.Build.0 = Release|Any CPU
		{CB430421-2F50-4678-A3B0-1034E68D36D5}.Server|Any CPU.ActiveCfg = Release|Any CPU
		{CB430421-2F50-4678-A3B0-1034E68D36D5}.Server|Any CPU.Build.0 = Release|Any CPU
		{CB430421-2F50-4678-A3B0-1034E68D36D5}.Server|x64.ActiveCfg = Release|Any CPU
		{CB430421-2F50-4678-A3B0-1034E68D36D5}.Server|x64.Build.0 = Release|Any CPU
		{CB430421-2F50-4678-A3B0-1034E68D36D5}.Server|x86.ActiveCfg = Release|Any CPU
		{CB430421-2F50-4678-A3B0-1034E68D36D5}.Server|x86.Build.0 = Release|Any CPU
		{E895F2A7-2CBF-43EA-968B-CCDF0EBF57A9}.Debug|Any CPU.ActiveCfg = Debug|Any CPU
		{E895F2A7-2CBF-43EA-968B-CCDF0EBF57A9}.Debug|Any CPU.Build.0 = Debug|Any CPU
		{E895F2A7-2CBF-43EA-968B-CCDF0EBF57A9}.Debug|x64.ActiveCfg = Debug|Any CPU
		{E895F2A7-2CBF-43EA-968B-CCDF0EBF57A9}.Debug|x64.Build.0 = Debug|Any CPU
		{E895F2A7-2CBF-43EA-968B-CCDF0EBF57A9}.Debug|x86.ActiveCfg = Debug|Any CPU
		{E895F2A7-2CBF-43EA-968B-CCDF0EBF57A9}.Debug|x86.Build.0 = Debug|Any CPU
		{E895F2A7-2CBF-43EA-968B-CCDF0EBF57A9}.Release|Any CPU.ActiveCfg = Release|Any CPU
		{E895F2A7-2CBF-43EA-968B-CCDF0EBF57A9}.Release|Any CPU.Build.0 = Release|Any CPU
		{E895F2A7-2CBF-43EA-968B-CCDF0EBF57A9}.Release|x64.ActiveCfg = Release|Any CPU
		{E895F2A7-2CBF-43EA-968B-CCDF0EBF57A9}.Release|x64.Build.0 = Release|Any CPU
		{E895F2A7-2CBF-43EA-968B-CCDF0EBF57A9}.Release|x86.ActiveCfg = Release|Any CPU
		{E895F2A7-2CBF-43EA-968B-CCDF0EBF57A9}.Release|x86.Build.0 = Release|Any CPU
		{E895F2A7-2CBF-43EA-968B-CCDF0EBF57A9}.Server|Any CPU.ActiveCfg = Release|Any CPU
		{E895F2A7-2CBF-43EA-968B-CCDF0EBF57A9}.Server|Any CPU.Build.0 = Release|Any CPU
		{E895F2A7-2CBF-43EA-968B-CCDF0EBF57A9}.Server|x64.ActiveCfg = Release|Any CPU
		{E895F2A7-2CBF-43EA-968B-CCDF0EBF57A9}.Server|x64.Build.0 = Release|Any CPU
		{E895F2A7-2CBF-43EA-968B-CCDF0EBF57A9}.Server|x86.ActiveCfg = Release|Any CPU
		{E895F2A7-2CBF-43EA-968B-CCDF0EBF57A9}.Server|x86.Build.0 = Release|Any CPU
	EndGlobalSection
	GlobalSection(SolutionProperties) = preSolution
		HideSolutionNode = FALSE
	EndGlobalSection
	GlobalSection(NestedProjects) = preSolution
		{0387FE69-7E77-4DC7-9867-EC3994E946D2} = {C0DE9FA4-DE19-4046-A4C6-3A5E94D80DDC}
		{9FE1AF9C-346A-4106-8E05-CD9E271E2BEE} = {C0DE9FA4-DE19-4046-A4C6-3A5E94D80DDC}
		{240C41CC-7825-4323-A76C-4EFC23AD6600} = {C0DE9FA4-DE19-4046-A4C6-3A5E94D80DDC}
		{04830582-54B6-4DD1-944A-99512841EE55} = {FD496946-BE8B-47A4-A413-DD6FFFBDD5C3}
		{6DEC099C-19C7-4622-B72D-385A9C944F9C} = {FD496946-BE8B-47A4-A413-DD6FFFBDD5C3}
		{A4FC63E6-1767-4317-8743-EA6543B447C7} = {FD496946-BE8B-47A4-A413-DD6FFFBDD5C3}
		{28590906-4374-4679-80C7-B711F3054BEC} = {FD496946-BE8B-47A4-A413-DD6FFFBDD5C3}
		{2042B893-344B-4A7A-8667-6D7D5D35E5EE} = {FD496946-BE8B-47A4-A413-DD6FFFBDD5C3}
		{562BF6D3-1E80-4AD8-9CB2-CD2A38DA93A0} = {FD496946-BE8B-47A4-A413-DD6FFFBDD5C3}
		{0D00D2A2-A457-4D47-960D-09DD943CB0C8} = {FD496946-BE8B-47A4-A413-DD6FFFBDD5C3}
	EndGlobalSection
	GlobalSection(ExtensibilityGlobals) = postSolution
		SolutionGuid = {35163557-50AD-46BF-8E28-68A6A1D74251}
	EndGlobalSection
EndGlobal
